
Microsoft Visual Studio Solution File, Format Version 12.00
# Visual Studio Version 17
VisualStudioVersion = 17.9.34723.18
MinimumVisualStudioVersion = 10.0.40219.1
Project("{9A19103F-16F7-4668-BE54-9A1E7A4F7556}") = "QuanLyThuVienLHU.API", "QuanLyThuVienLHU.API.csproj", "{A932B9B4-0154-482E-87A7-44F39D0ADCBC}"
EndProject
Project("{9A19103F-16F7-4668-BE54-9A1E7A4F7556}") = "Infrastructure", "..\Infrastructure\Infrastructure.csproj", "{5C3366B5-707E-42AB-AF5C-2904E8A176A3}"
EndProject
Global
	GlobalSection(SolutionConfigurationPlatforms) = preSolution
		Debug|Any CPU = Debug|Any CPU
		Release|Any CPU = Release|Any CPU
	EndGlobalSection
	GlobalSection(ProjectConfigurationPlatforms) = postSolution
		{A932B9B4-0154-482E-87A7-44F39D0ADCBC}.Debug|Any CPU.ActiveCfg = Debug|Any CPU
		{A932B9B4-0154-482E-87A7-44F39D0ADCBC}.Debug|Any CPU.Build.0 = Debug|Any CPU
		{A932B9B4-0154-482E-87A7-44F39D0ADCBC}.Release|Any CPU.ActiveCfg = Release|Any CPU
		{A932B9B4-0154-482E-87A7-44F39D0ADCBC}.Release|Any CPU.Build.0 = Release|Any CPU
		{5C3366B5-707E-42AB-AF5C-2904E8A176A3}.Debug|Any CPU.ActiveCfg = Debug|Any CPU
		{5C3366B5-707E-42AB-AF5C-2904E8A176A3}.Debug|Any CPU.Build.0 = Debug|Any CPU
		{5C3366B5-707E-42AB-AF5C-2904E8A176A3}.Release|Any CPU.ActiveCfg = Release|Any CPU
		{5C3366B5-707E-42AB-AF5C-2904E8A176A3}.Release|Any CPU.Build.0 = Release|Any CPU
	EndGlobalSection
	GlobalSection(SolutionProperties) = preSolution
		HideSolutionNode = FALSE
	EndGlobalSection
	GlobalSection(ExtensibilityGlobals) = postSolution
		SolutionGuid = {64ECBD13-1BAD-4447-9C9C-E978ADCD08E3}
	EndGlobalSection
EndGlobal
